{
  "name": "bot-twitter-ies-comercio",
  "version": "1.0.0",
  "lockfileVersion": 2,
  "requires": true,
  "packages": {
    "": {
      "name": "bot-twitter-ies-comercio",
      "version": "1.0.0",
      "license": "ISC",
      "dependencies": {
        "twitter-api-v2": "^1.12.2"
      }
    },
    "node_modules/twitter-api-v2": {
      "version": "1.12.2",
      "resolved": "https://registry.npmjs.org/twitter-api-v2/-/twitter-api-v2-1.12.2.tgz",
      "integrity": "sha512-vgv4ndG7BcjSzcm/Owf+tN4DVSZxWlN61hpulFkmUdf+hBjWvr/0edHoy+IUm1g2pJ7c+6706ZgkjZPdp0GHQA=="
    }
  },
  "dependencies": {
    "twitter-api-v2": {
      "version": "1.12.2",
      "resolved": "https://registry.npmjs.org/twitter-api-v2/-/twitter-api-v2-1.12.2.tgz",
      "integrity": "sha512-vgv4ndG7BcjSzcm/Owf+tN4DVSZxWlN61hpulFkmUdf+hBjWvr/0edHoy+IUm1g2pJ7c+6706ZgkjZPdp0GHQA=="
    }
  }
}
